
Microsoft Visual Studio Solution File, Format Version 12.00
# Visual Studio Version 17
VisualStudioVersion = 17.14.36221.1 d17.14
MinimumVisualStudioVersion = 10.0.40219.1
Project("{FAE04EC0-301F-11D3-BF4B-00C04F79EFBC}") = "hospital", "hospital.csproj", "{C0ADA1DC-2269-4E1C-A02C-CDC9710FAB15}"
EndProject
Global
	GlobalSection(SolutionConfigurationPlatforms) = preSolution
		Debug|Any CPU = Debug|Any CPU
		Release|Any CPU = Release|Any CPU
	EndGlobalSection
	GlobalSection(ProjectConfigurationPlatforms) = postSolution
		{C0ADA1DC-2269-4E1C-A02C-CDC9710FAB15}.Debug|Any CPU.ActiveCfg = Debug|Any CPU
		{C0ADA1DC-2269-4E1C-A02C-CDC9710FAB15}.Debug|Any CPU.Build.0 = Debug|Any CPU
		{C0ADA1DC-2269-4E1C-A02C-CDC9710FAB15}.Release|Any CPU.ActiveCfg = Release|Any CPU
		{C0ADA1DC-2269-4E1C-A02C-CDC9710FAB15}.Release|Any CPU.Build.0 = Release|Any CPU
	EndGlobalSection
	GlobalSection(SolutionProperties) = preSolution
		HideSolutionNode = FALSE
	EndGlobalSection
	GlobalSection(ExtensibilityGlobals) = postSolution
		SolutionGuid = {92DACD76-C6B7-4608-B25F-2EBE14AC1A92}
	EndGlobalSection
EndGlobal
